<?xml version="1.0" encoding="UTF-8"?>
<CodeBlocks_project_file>
	<FileVersion major="1" minor="6"/>
	<Project>
		<Option title="CoreWar"/>
		<Option makefile_is_custom="1"/>
		<Option compiler="gcc"/>
		<Option virtualFolders="CMake Files\;"/>
		<Build>
			<Target title="all">
				<Option working_dir="/Users/blomo/corawara"/>
				<Option type="4"/>
				<MakeCommands>
					<Build command="/usr/bin/make -f &quot;/Users/blomo/corawara/Makefile&quot;  VERBOSE=1 all"/>
					<CompileFile command="/usr/bin/make -f &quot;/Users/blomo/corawara/Makefile&quot;  VERBOSE=1 &quot;$file&quot;"/>
					<Clean command="/usr/bin/make -f &quot;/Users/blomo/corawara/Makefile&quot;  VERBOSE=1 clean"/>
					<DistClean command="/usr/bin/make -f &quot;/Users/blomo/corawara/Makefile&quot;  VERBOSE=1 clean"/>
				</MakeCommands>
			</Target>
			<Target title="rebuild_cache">
				<Option working_dir="/Users/blomo/corawara"/>
				<Option type="4"/>
				<MakeCommands>
					<Build command="/usr/bin/make -f &quot;/Users/blomo/corawara/Makefile&quot;  VERBOSE=1 rebuild_cache"/>
					<CompileFile command="/usr/bin/make -f &quot;/Users/blomo/corawara/Makefile&quot;  VERBOSE=1 &quot;$file&quot;"/>
					<Clean command="/usr/bin/make -f &quot;/Users/blomo/corawara/Makefile&quot;  VERBOSE=1 clean"/>
					<DistClean command="/usr/bin/make -f &quot;/Users/blomo/corawara/Makefile&quot;  VERBOSE=1 clean"/>
				</MakeCommands>
			</Target>
			<Target title="edit_cache">
				<Option working_dir="/Users/blomo/corawara"/>
				<Option type="4"/>
				<MakeCommands>
					<Build command="/usr/bin/make -f &quot;/Users/blomo/corawara/Makefile&quot;  VERBOSE=1 edit_cache"/>
					<CompileFile command="/usr/bin/make -f &quot;/Users/blomo/corawara/Makefile&quot;  VERBOSE=1 &quot;$file&quot;"/>
					<Clean command="/usr/bin/make -f &quot;/Users/blomo/corawara/Makefile&quot;  VERBOSE=1 clean"/>
					<DistClean command="/usr/bin/make -f &quot;/Users/blomo/corawara/Makefile&quot;  VERBOSE=1 clean"/>
				</MakeCommands>
			</Target>
			<Target title="asm">
				<Option output="/Users/blomo/corawara/asm" prefix_auto="0" extension_auto="0"/>
				<Option working_dir="/Users/blomo/corawara"/>
				<Option object_output="./"/>
				<Option type="1"/>
				<Option compiler="gcc"/>
				<Compiler>
					<Add directory="/Users/blomo/corawara/libft/includes"/>
					<Add directory="/Users/blomo/corawara/./include"/>
					<Add directory="/Users/blomo/corawara/data"/>
					<Add directory="/Users/blomo/corawara/include"/>
					<Add directory="/Users/blomo/corawara/include/asm"/>
				</Compiler>
				<MakeCommands>
					<Build command="/usr/bin/make -f &quot;/Users/blomo/corawara/Makefile&quot;  VERBOSE=1 asm"/>
					<CompileFile command="/usr/bin/make -f &quot;/Users/blomo/corawara/Makefile&quot;  VERBOSE=1 &quot;$file&quot;"/>
					<Clean command="/usr/bin/make -f &quot;/Users/blomo/corawara/Makefile&quot;  VERBOSE=1 clean"/>
					<DistClean command="/usr/bin/make -f &quot;/Users/blomo/corawara/Makefile&quot;  VERBOSE=1 clean"/>
				</MakeCommands>
			</Target>
			<Target title="asm/fast">
				<Option output="/Users/blomo/corawara/asm" prefix_auto="0" extension_auto="0"/>
				<Option working_dir="/Users/blomo/corawara"/>
				<Option object_output="./"/>
				<Option type="1"/>
				<Option compiler="gcc"/>
				<Compiler>
					<Add directory="/Users/blomo/corawara/libft/includes"/>
					<Add directory="/Users/blomo/corawara/./include"/>
					<Add directory="/Users/blomo/corawara/data"/>
					<Add directory="/Users/blomo/corawara/include"/>
					<Add directory="/Users/blomo/corawara/include/asm"/>
				</Compiler>
				<MakeCommands>
					<Build command="/usr/bin/make -f &quot;/Users/blomo/corawara/Makefile&quot;  VERBOSE=1 asm/fast"/>
					<CompileFile command="/usr/bin/make -f &quot;/Users/blomo/corawara/Makefile&quot;  VERBOSE=1 &quot;$file&quot;"/>
					<Clean command="/usr/bin/make -f &quot;/Users/blomo/corawara/Makefile&quot;  VERBOSE=1 clean"/>
					<DistClean command="/usr/bin/make -f &quot;/Users/blomo/corawara/Makefile&quot;  VERBOSE=1 clean"/>
				</MakeCommands>
			</Target>
			<Target title="corewar">
				<Option output="/Users/blomo/corawara/corewar" prefix_auto="0" extension_auto="0"/>
				<Option working_dir="/Users/blomo/corawara"/>
				<Option object_output="./"/>
				<Option type="1"/>
				<Option compiler="gcc"/>
				<Compiler>
					<Add directory="/Users/blomo/corawara/libft/includes"/>
					<Add directory="/Users/blomo/corawara/./include"/>
					<Add directory="/Users/blomo/corawara/data"/>
					<Add directory="/Users/blomo/corawara/include"/>
					<Add directory="/Users/blomo/corawara/include/vm"/>
				</Compiler>
				<MakeCommands>
					<Build command="/usr/bin/make -f &quot;/Users/blomo/corawara/Makefile&quot;  VERBOSE=1 corewar"/>
					<CompileFile command="/usr/bin/make -f &quot;/Users/blomo/corawara/Makefile&quot;  VERBOSE=1 &quot;$file&quot;"/>
					<Clean command="/usr/bin/make -f &quot;/Users/blomo/corawara/Makefile&quot;  VERBOSE=1 clean"/>
					<DistClean command="/usr/bin/make -f &quot;/Users/blomo/corawara/Makefile&quot;  VERBOSE=1 clean"/>
				</MakeCommands>
			</Target>
			<Target title="corewar/fast">
				<Option output="/Users/blomo/corawara/corewar" prefix_auto="0" extension_auto="0"/>
				<Option working_dir="/Users/blomo/corawara"/>
				<Option object_output="./"/>
				<Option type="1"/>
				<Option compiler="gcc"/>
				<Compiler>
					<Add directory="/Users/blomo/corawara/libft/includes"/>
					<Add directory="/Users/blomo/corawara/./include"/>
					<Add directory="/Users/blomo/corawara/data"/>
					<Add directory="/Users/blomo/corawara/include"/>
					<Add directory="/Users/blomo/corawara/include/vm"/>
				</Compiler>
				<MakeCommands>
					<Build command="/usr/bin/make -f &quot;/Users/blomo/corawara/Makefile&quot;  VERBOSE=1 corewar/fast"/>
					<CompileFile command="/usr/bin/make -f &quot;/Users/blomo/corawara/Makefile&quot;  VERBOSE=1 &quot;$file&quot;"/>
					<Clean command="/usr/bin/make -f &quot;/Users/blomo/corawara/Makefile&quot;  VERBOSE=1 clean"/>
					<DistClean command="/usr/bin/make -f &quot;/Users/blomo/corawara/Makefile&quot;  VERBOSE=1 clean"/>
				</MakeCommands>
			</Target>
		</Build>
		<Unit filename="/Users/blomo/corawara/src/asm/assembler.c">
			<Option target="asm"/>
		</Unit>
		<Unit filename="/Users/blomo/corawara/src/asm/champ_generator.c">
			<Option target="asm"/>
		</Unit>
		<Unit filename="/Users/blomo/corawara/src/asm/cmdgen_funcs.c">
			<Option target="asm"/>
		</Unit>
		<Unit filename="/Users/blomo/corawara/src/asm/disassembler.c">
			<Option target="asm"/>
		</Unit>
		<Unit filename="/Users/blomo/corawara/src/asm/lexer.c">
			<Option target="asm"/>
		</Unit>
		<Unit filename="/Users/blomo/corawara/src/asm/main.c">
			<Option target="asm"/>
		</Unit>
		<Unit filename="/Users/blomo/corawara/src/asm/read_args.c">
			<Option target="asm"/>
		</Unit>
		<Unit filename="/Users/blomo/corawara/src/asm/semgraph_generator.c">
			<Option target="asm"/>
		</Unit>
		<Unit filename="/Users/blomo/corawara/src/asm/writer.c">
			<Option target="asm"/>
		</Unit>
		<Unit filename="/Users/blomo/corawara/src/get_op_data.c">
			<Option target="asm"/>
			<Option target="corewar"/>
		</Unit>
		<Unit filename="/Users/blomo/corawara/src/vm/check_op.c">
			<Option target="corewar"/>
		</Unit>
		<Unit filename="/Users/blomo/corawara/src/vm/game_main_loop.c">
			<Option target="corewar"/>
		</Unit>
		<Unit filename="/Users/blomo/corawara/src/vm/get_op_func.c">
			<Option target="corewar"/>
		</Unit>
		<Unit filename="/Users/blomo/corawara/src/vm/get_type.c">
			<Option target="corewar"/>
		</Unit>
		<Unit filename="/Users/blomo/corawara/src/vm/init_arena.c">
			<Option target="corewar"/>
		</Unit>
		<Unit filename="/Users/blomo/corawara/src/vm/main.c">
			<Option target="corewar"/>
		</Unit>
		<Unit filename="/Users/blomo/corawara/src/vm/make_one_turn.c">
			<Option target="corewar"/>
		</Unit>
		<Unit filename="/Users/blomo/corawara/src/vm/operation.c">
			<Option target="corewar"/>
		</Unit>
		<Unit filename="/Users/blomo/corawara/src/vm/operation_vm.c">
			<Option target="corewar"/>
		</Unit>
		<Unit filename="/Users/blomo/corawara/src/vm/operation_vm1.c">
			<Option target="corewar"/>
		</Unit>
		<Unit filename="/Users/blomo/corawara/src/vm/parse_file.c">
			<Option target="corewar"/>
		</Unit>
		<Unit filename="/Users/blomo/corawara/src/vm/safe_exit.c">
			<Option target="corewar"/>
		</Unit>
		<Unit filename="/Users/blomo/corawara/src/vm/timeline_mngmnt.c">
			<Option target="corewar"/>
		</Unit>
		<Unit filename="/Users/blomo/corawara/src/vm/validate_input.c">
			<Option target="corewar"/>
		</Unit>
		<Unit filename="/Users/blomo/corawara/CMakeLists.txt">
			<Option virtualFolder="CMake Files\"/>
		</Unit>
	</Project>
</CodeBlocks_project_file>
